
Microsoft Visual Studio Solution File, Format Version 12.00
# Visual Studio Version 16
VisualStudioVersion = 16.0.31112.23
MinimumVisualStudioVersion = 10.0.40219.1
Project("{FAE04EC0-301F-11D3-BF4B-00C04F79EFBC}") = "SimpleXamarinAndroidApp.Android", "SimpleXamarinAndroidApp\SimpleXamarinAndroidApp.Android\SimpleXamarinAndroidApp.Android.csproj", "{4FDEDD8A-439B-4771-AAF5-70F32E723962}"
EndProject
Project("{FAE04EC0-301F-11D3-BF4B-00C04F79EFBC}") = "SimpleXamarinAndroidApp", "SimpleXamarinAndroidApp\SimpleXamarinAndroidApp\SimpleXamarinAndroidApp.csproj", "{BE6B9395-C34B-4319-8472-0EEB15E52CFE}"
EndProject
Global
	GlobalSection(SolutionConfigurationPlatforms) = preSolution
		Debug|Any CPU = Debug|Any CPU
		Release|Any CPU = Release|Any CPU
	EndGlobalSection
	GlobalSection(ProjectConfigurationPlatforms) = postSolution
		{4FDEDD8A-439B-4771-AAF5-70F32E723962}.Debug|Any CPU.ActiveCfg = Debug|Any CPU
		{4FDEDD8A-439B-4771-AAF5-70F32E723962}.Debug|Any CPU.Build.0 = Debug|Any CPU
		{4FDEDD8A-439B-4771-AAF5-70F32E723962}.Debug|Any CPU.Deploy.0 = Debug|Any CPU
		{4FDEDD8A-439B-4771-AAF5-70F32E723962}.Release|Any CPU.ActiveCfg = Release|Any CPU
		{4FDEDD8A-439B-4771-AAF5-70F32E723962}.Release|Any CPU.Build.0 = Release|Any CPU
		{4FDEDD8A-439B-4771-AAF5-70F32E723962}.Release|Any CPU.Deploy.0 = Release|Any CPU
		{BE6B9395-C34B-4319-8472-0EEB15E52CFE}.Debug|Any CPU.ActiveCfg = Debug|Any CPU
		{BE6B9395-C34B-4319-8472-0EEB15E52CFE}.Debug|Any CPU.Build.0 = Debug|Any CPU
		{BE6B9395-C34B-4319-8472-0EEB15E52CFE}.Debug|Any CPU.Deploy.0 = Debug|Any CPU
		{BE6B9395-C34B-4319-8472-0EEB15E52CFE}.Release|Any CPU.ActiveCfg = Release|Any CPU
		{BE6B9395-C34B-4319-8472-0EEB15E52CFE}.Release|Any CPU.Build.0 = Release|Any CPU
		{BE6B9395-C34B-4319-8472-0EEB15E52CFE}.Release|Any CPU.Deploy.0 = Release|Any CPU
	EndGlobalSection
	GlobalSection(SolutionProperties) = preSolution
		HideSolutionNode = FALSE
	EndGlobalSection
	GlobalSection(ExtensibilityGlobals) = postSolution
		SolutionGuid = {F46D9CBF-2E28-4505-828F-4DAD96D6CB8A}
	EndGlobalSection
EndGlobal
